
Microsoft Visual Studio Solution File, Format Version 12.00
# Visual Studio Version 17
VisualStudioVersion = 17.14.36301.6 d17.14
MinimumVisualStudioVersion = 10.0.40219.1
Project("{FAE04EC0-301F-11D3-BF4B-00C04F79EFBC}") = "ProsperDaily", "ProsperDaily\ProsperDaily.csproj", "{F69BBF52-1B5B-4DD1-95A1-A582B6A8A445}"
EndProject
Global
	GlobalSection(SolutionConfigurationPlatforms) = preSolution
		Debug|Any CPU = Debug|Any CPU
		Release|Any CPU = Release|Any CPU
	EndGlobalSection
	GlobalSection(ProjectConfigurationPlatforms) = postSolution
		{F69BBF52-1B5B-4DD1-95A1-A582B6A8A445}.Debug|Any CPU.ActiveCfg = Debug|Any CPU
		{F69BBF52-1B5B-4DD1-95A1-A582B6A8A445}.Debug|Any CPU.Build.0 = Debug|Any CPU
		{F69BBF52-1B5B-4DD1-95A1-A582B6A8A445}.Release|Any CPU.ActiveCfg = Release|Any CPU
		{F69BBF52-1B5B-4DD1-95A1-A582B6A8A445}.Release|Any CPU.Build.0 = Release|Any CPU
	EndGlobalSection
	GlobalSection(SolutionProperties) = preSolution
		HideSolutionNode = FALSE
	EndGlobalSection
	GlobalSection(ExtensibilityGlobals) = postSolution
		SolutionGuid = {7F6AA1F3-53D7-4756-907C-504EF52B8A99}
	EndGlobalSection
EndGlobal
